{
  "name": "tu-berlin-awt-pj-ss23-http3",
  "version": "1.0.0",
  "lockfileVersion": 3,
  "requires": true,
  "packages": {
    "": {
      "name": "tu-berlin-awt-pj-ss23-http3",
      "version": "1.0.0",
      "license": "ISC",
      "devDependencies": {
        "tmex": "^1.0.9"
      }
    },
    "node_modules/tmex": {
      "version": "1.0.9",
      "resolved": "https://registry.npmjs.org/tmex/-/tmex-1.0.9.tgz",
      "integrity": "sha512-BiHDNMFs2Jf3Ko//z1esc1hf7rOZFqkNb316YU9K6/V1yr5sFXMdCVdl2z21FUgnIc4Uj0KWoOUrxvwX7vU5vA==",
      "dev": true,
      "bin": {
        "tmex": "tmex"
      }
    }
  }
}
